// !$*UTF8*$!
{
	archiveVersion = 1;
	classes = {
	};
	objectVersion = 46;
	objects = {

/* Begin PBXBuildFile section */
		D61876B6205EEB0500C09FD5 /* MapKata.swift in Sources */ = {isa = PBXBuildFile; fileRef = D61876B5205EEB0500C09FD5 /* MapKata.swift */; };
		D61876BA205EEB6600C09FD5 /* MapKataTests.swift in Sources */ = {isa = PBXBuildFile; fileRef = D61876B7205EEB3200C09FD5 /* MapKataTests.swift */; };
		D61876BE205EEDF800C09FD5 /* FilterMapKata.swift in Sources */ = {isa = PBXBuildFile; fileRef = D61876BC205EEDEB00C09FD5 /* FilterMapKata.swift */; };
		D61876BF205EEDF800C09FD5 /* FilterMapKata.swift in Sources */ = {isa = PBXBuildFile; fileRef = D61876BC205EEDEB00C09FD5 /* FilterMapKata.swift */; };
		D61876C1205EEE3000C09FD5 /* FilterMapKataTests.swift in Sources */ = {isa = PBXBuildFile; fileRef = D61876C0205EEE3000C09FD5 /* FilterMapKataTests.swift */; };
		D61876CA205EEFB200C09FD5 /* FlatMapSimpleKata.swift in Sources */ = {isa = PBXBuildFile; fileRef = D61876C8205EEF9200C09FD5 /* FlatMapSimpleKata.swift */; };
		D61876CB205EEFB200C09FD5 /* FlatMapSimpleKata.swift in Sources */ = {isa = PBXBuildFile; fileRef = D61876C8205EEF9200C09FD5 /* FlatMapSimpleKata.swift */; };
		D61876CC205EEFB500C09FD5 /* FlatMapAdvancedKata.swift in Sources */ = {isa = PBXBuildFile; fileRef = D61876C5205EEF9200C09FD5 /* FlatMapAdvancedKata.swift */; };
		D61876CD205EEFB500C09FD5 /* FlatMapAdvancedKata.swift in Sources */ = {isa = PBXBuildFile; fileRef = D61876C5205EEF9200C09FD5 /* FlatMapAdvancedKata.swift */; };
		D61876CF205EF02000C09FD5 /* FlatMapSimpleKataTests.swift in Sources */ = {isa = PBXBuildFile; fileRef = D61876CE205EF02000C09FD5 /* FlatMapSimpleKataTests.swift */; };
		D61876D5205EF18200C09FD5 /* FlatMapAdvancedKataTests.swift in Sources */ = {isa = PBXBuildFile; fileRef = D61876D4205EF18200C09FD5 /* FlatMapAdvancedKataTests.swift */; };
		D61876D8205EF2E700C09FD5 /* Extensions.swift in Sources */ = {isa = PBXBuildFile; fileRef = D61876D7205EF2E700C09FD5 /* Extensions.swift */; };
		D61876D9205EF2E700C09FD5 /* Extensions.swift in Sources */ = {isa = PBXBuildFile; fileRef = D61876D7205EF2E700C09FD5 /* Extensions.swift */; };
		D61876DD205FA17000C09FD5 /* ReduceFunctionKata.swift in Sources */ = {isa = PBXBuildFile; fileRef = D61876DC205FA13400C09FD5 /* ReduceFunctionKata.swift */; };
		D61876DE205FA17000C09FD5 /* ReduceFunctionKata.swift in Sources */ = {isa = PBXBuildFile; fileRef = D61876DC205FA13400C09FD5 /* ReduceFunctionKata.swift */; };
		D61876E0205FA17F00C09FD5 /* ReduceFunctionKataTests.swift in Sources */ = {isa = PBXBuildFile; fileRef = D61876DF205FA17F00C09FD5 /* ReduceFunctionKataTests.swift */; };
		D61876E5205FA30500C09FD5 /* MapReduceKata.swift in Sources */ = {isa = PBXBuildFile; fileRef = D61876E3205FA2FB00C09FD5 /* MapReduceKata.swift */; };
		D61876E6205FA30500C09FD5 /* MapReduceKata.swift in Sources */ = {isa = PBXBuildFile; fileRef = D61876E3205FA2FB00C09FD5 /* MapReduceKata.swift */; };
		D61876E8205FA32800C09FD5 /* MapReduceKataTests.swift in Sources */ = {isa = PBXBuildFile; fileRef = D61876E7205FA32800C09FD5 /* MapReduceKataTests.swift */; };
		D61876EE205FA70700C09FD5 /* ZipKataTests.swift in Sources */ = {isa = PBXBuildFile; fileRef = D61876ED205FA70700C09FD5 /* ZipKataTests.swift */; };
		D61876F0205FAA0000C09FD5 /* ZipKata.swift in Sources */ = {isa = PBXBuildFile; fileRef = D61876EC205FA6F200C09FD5 /* ZipKata.swift */; };
		D61876F1205FAA0100C09FD5 /* ZipKata.swift in Sources */ = {isa = PBXBuildFile; fileRef = D61876EC205FA6F200C09FD5 /* ZipKata.swift */; };
		D625D2E1205EE2E800232EA8 /* Models.swift in Sources */ = {isa = PBXBuildFile; fileRef = D625D2E0205EE2E800232EA8 /* Models.swift */; };
		D625D2E2205EE2E800232EA8 /* Models.swift in Sources */ = {isa = PBXBuildFile; fileRef = D625D2E0205EE2E800232EA8 /* Models.swift */; };
		D625D2E5205EE6A200232EA8 /* DataSource.swift in Sources */ = {isa = PBXBuildFile; fileRef = D625D2E3205EE6A200232EA8 /* DataSource.swift */; };
		D625D2E6205EE78100232EA8 /* DataSource.swift in Sources */ = {isa = PBXBuildFile; fileRef = D625D2E3205EE6A200232EA8 /* DataSource.swift */; };
		D6548D0C20603D1F00A1B47D /* FunctorKata.swift in Sources */ = {isa = PBXBuildFile; fileRef = D6548D0B20603D1F00A1B47D /* FunctorKata.swift */; };
		D6548D0D20603D1F00A1B47D /* FunctorKata.swift in Sources */ = {isa = PBXBuildFile; fileRef = D6548D0B20603D1F00A1B47D /* FunctorKata.swift */; };
		D6548D0F20603D2800A1B47D /* FunctorKataTests.swift in Sources */ = {isa = PBXBuildFile; fileRef = D6548D0E20603D2800A1B47D /* FunctorKataTests.swift */; };
		D6AB75B720618AAB00665748 /* MonoidKata.swift in Sources */ = {isa = PBXBuildFile; fileRef = D6AB75B620618AAB00665748 /* MonoidKata.swift */; };
		D6AB75B920618AB500665748 /* MonoidKataTests.swift in Sources */ = {isa = PBXBuildFile; fileRef = D6AB75B820618AB500665748 /* MonoidKataTests.swift */; };
		D6AB75BA20618D3C00665748 /* MonoidKata.swift in Sources */ = {isa = PBXBuildFile; fileRef = D6AB75B620618AAB00665748 /* MonoidKata.swift */; };
		D6AB75BD2061905700665748 /* MonadKata.swift in Sources */ = {isa = PBXBuildFile; fileRef = D6AB75BC2061905700665748 /* MonadKata.swift */; };
		D6AB75BF2061906300665748 /* MonadKataTests.swift in Sources */ = {isa = PBXBuildFile; fileRef = D6AB75BE2061906300665748 /* MonadKataTests.swift */; };
		D6AB75C22061939500665748 /* ApplicativeKata.swift in Sources */ = {isa = PBXBuildFile; fileRef = D6AB75C12061939500665748 /* ApplicativeKata.swift */; };
		D6AB75C42061939F00665748 /* ApplicativeKataTests.swift in Sources */ = {isa = PBXBuildFile; fileRef = D6AB75C32061939F00665748 /* ApplicativeKataTests.swift */; };
		D6AB75C52061948800665748 /* ApplicativeKata.swift in Sources */ = {isa = PBXBuildFile; fileRef = D6AB75C12061939500665748 /* ApplicativeKata.swift */; };
		D6AB75C62061949700665748 /* MonadKata.swift in Sources */ = {isa = PBXBuildFile; fileRef = D6AB75BC2061905700665748 /* MonadKata.swift */; };
		D6C2436D205E6CFB008AF35F /* AddingMultiplyingKata.swift in Sources */ = {isa = PBXBuildFile; fileRef = D6C2436C205E6CFB008AF35F /* AddingMultiplyingKata.swift */; };
		D6C24370205E6D19008AF35F /* AddingMultipliyingKataTests.swift in Sources */ = {isa = PBXBuildFile; fileRef = D6C2436E205E6D17008AF35F /* AddingMultipliyingKataTests.swift */; };
		D6C24371205E6D1B008AF35F /* AddingMultiplyingKata.swift in Sources */ = {isa = PBXBuildFile; fileRef = D6C2436C205E6CFB008AF35F /* AddingMultiplyingKata.swift */; };
		D6C24374205E6DF2008AF35F /* FibonacciKata.swift in Sources */ = {isa = PBXBuildFile; fileRef = D6C24373205E6DF2008AF35F /* FibonacciKata.swift */; };
		D6C24375205E6DF2008AF35F /* FibonacciKata.swift in Sources */ = {isa = PBXBuildFile; fileRef = D6C24373205E6DF2008AF35F /* FibonacciKata.swift */; };
		D6C24377205E6DFE008AF35F /* FibonacciKataTests.swift in Sources */ = {isa = PBXBuildFile; fileRef = D6C24376205E6DFE008AF35F /* FibonacciKataTests.swift */; };
		D6C24393205E98AB008AF35F /* ReduceKata.swift in Sources */ = {isa = PBXBuildFile; fileRef = D6C24391205E98AB008AF35F /* ReduceKata.swift */; };
		D6C24394205E98AB008AF35F /* ReduceKata.swift in Sources */ = {isa = PBXBuildFile; fileRef = D6C24391205E98AB008AF35F /* ReduceKata.swift */; };
		D6C24395205E98AB008AF35F /* ReduceKataTests.swift in Sources */ = {isa = PBXBuildFile; fileRef = D6C24392205E98AB008AF35F /* ReduceKataTests.swift */; };
		D6C2439A205EB882008AF35F /* CurryingKata.swift in Sources */ = {isa = PBXBuildFile; fileRef = D6C24399205EB882008AF35F /* CurryingKata.swift */; };
		D6C2439B205EB882008AF35F /* CurryingKata.swift in Sources */ = {isa = PBXBuildFile; fileRef = D6C24399205EB882008AF35F /* CurryingKata.swift */; };
		D6C2439D205EB88C008AF35F /* CurryingKataTests.swift in Sources */ = {isa = PBXBuildFile; fileRef = D6C2439C205EB88C008AF35F /* CurryingKataTests.swift */; };
		D6C243A2205EC0AF008AF35F /* CPSKata.swift in Sources */ = {isa = PBXBuildFile; fileRef = D6C243A0205EC0AF008AF35F /* CPSKata.swift */; };
		D6C243A3205EC0AF008AF35F /* CPSKata.swift in Sources */ = {isa = PBXBuildFile; fileRef = D6C243A0205EC0AF008AF35F /* CPSKata.swift */; };
		D6C243A4205EC0AF008AF35F /* CPSKataTests.swift in Sources */ = {isa = PBXBuildFile; fileRef = D6C243A1205EC0AF008AF35F /* CPSKataTests.swift */; };
		D6C243A9205EC885008AF35F /* PartialKata.swift in Sources */ = {isa = PBXBuildFile; fileRef = D6C243A7205EC885008AF35F /* PartialKata.swift */; };
		D6C243AA205EC885008AF35F /* PartialKata.swift in Sources */ = {isa = PBXBuildFile; fileRef = D6C243A7205EC885008AF35F /* PartialKata.swift */; };
		D6C243AD205EC88A008AF35F /* PartialKataTests.swift in Sources */ = {isa = PBXBuildFile; fileRef = D6C243A8205EC885008AF35F /* PartialKataTests.swift */; };
		OBJ_29 /* katas.framework in Frameworks */ = {isa = PBXBuildFile; fileRef = "katas::katas::Product" /* katas.framework */; };
/* End PBXBuildFile section */

/* Begin PBXContainerItemProxy section */
		D6C24368205E6A46008AF35F /* PBXContainerItemProxy */ = {
			isa = PBXContainerItemProxy;
			containerPortal = OBJ_1 /* Project object */;
			proxyType = 1;
			remoteGlobalIDString = "katas::katas";
			remoteInfo = katas;
		};
/* End PBXContainerItemProxy section */

/* Begin PBXFileReference section */
		D61876B5205EEB0500C09FD5 /* MapKata.swift */ = {isa = PBXFileReference; lastKnownFileType = sourcecode.swift; path = MapKata.swift; sourceTree = "<group>"; };
		D61876B7205EEB3200C09FD5 /* MapKataTests.swift */ = {isa = PBXFileReference; lastKnownFileType = sourcecode.swift; path = MapKataTests.swift; sourceTree = "<group>"; };
		D61876BC205EEDEB00C09FD5 /* FilterMapKata.swift */ = {isa = PBXFileReference; fileEncoding = 4; lastKnownFileType = sourcecode.swift; path = FilterMapKata.swift; sourceTree = "<group>"; };
		D61876C0205EEE3000C09FD5 /* FilterMapKataTests.swift */ = {isa = PBXFileReference; lastKnownFileType = sourcecode.swift; path = FilterMapKataTests.swift; sourceTree = "<group>"; };
		D61876C5205EEF9200C09FD5 /* FlatMapAdvancedKata.swift */ = {isa = PBXFileReference; fileEncoding = 4; lastKnownFileType = sourcecode.swift; path = FlatMapAdvancedKata.swift; sourceTree = "<group>"; };
		D61876C8205EEF9200C09FD5 /* FlatMapSimpleKata.swift */ = {isa = PBXFileReference; fileEncoding = 4; lastKnownFileType = sourcecode.swift; path = FlatMapSimpleKata.swift; sourceTree = "<group>"; };
		D61876CE205EF02000C09FD5 /* FlatMapSimpleKataTests.swift */ = {isa = PBXFileReference; lastKnownFileType = sourcecode.swift; path = FlatMapSimpleKataTests.swift; sourceTree = "<group>"; };
		D61876D4205EF18200C09FD5 /* FlatMapAdvancedKataTests.swift */ = {isa = PBXFileReference; lastKnownFileType = sourcecode.swift; path = FlatMapAdvancedKataTests.swift; sourceTree = "<group>"; };
		D61876D7205EF2E700C09FD5 /* Extensions.swift */ = {isa = PBXFileReference; lastKnownFileType = sourcecode.swift; path = Extensions.swift; sourceTree = "<group>"; };
		D61876DC205FA13400C09FD5 /* ReduceFunctionKata.swift */ = {isa = PBXFileReference; fileEncoding = 4; lastKnownFileType = sourcecode.swift; path = ReduceFunctionKata.swift; sourceTree = "<group>"; };
		D61876DF205FA17F00C09FD5 /* ReduceFunctionKataTests.swift */ = {isa = PBXFileReference; lastKnownFileType = sourcecode.swift; path = ReduceFunctionKataTests.swift; sourceTree = "<group>"; };
		D61876E3205FA2FB00C09FD5 /* MapReduceKata.swift */ = {isa = PBXFileReference; fileEncoding = 4; lastKnownFileType = sourcecode.swift; path = MapReduceKata.swift; sourceTree = "<group>"; };
		D61876E7205FA32800C09FD5 /* MapReduceKataTests.swift */ = {isa = PBXFileReference; lastKnownFileType = sourcecode.swift; path = MapReduceKataTests.swift; sourceTree = "<group>"; };
		D61876EC205FA6F200C09FD5 /* ZipKata.swift */ = {isa = PBXFileReference; fileEncoding = 4; lastKnownFileType = sourcecode.swift; path = ZipKata.swift; sourceTree = "<group>"; };
		D61876ED205FA70700C09FD5 /* ZipKataTests.swift */ = {isa = PBXFileReference; lastKnownFileType = sourcecode.swift; path = ZipKataTests.swift; sourceTree = "<group>"; };
		D625D2E0205EE2E800232EA8 /* Models.swift */ = {isa = PBXFileReference; lastKnownFileType = sourcecode.swift; path = Models.swift; sourceTree = "<group>"; };
		D625D2E3205EE6A200232EA8 /* DataSource.swift */ = {isa = PBXFileReference; lastKnownFileType = sourcecode.swift; path = DataSource.swift; sourceTree = "<group>"; };
		D6548D0B20603D1F00A1B47D /* FunctorKata.swift */ = {isa = PBXFileReference; lastKnownFileType = sourcecode.swift; path = FunctorKata.swift; sourceTree = "<group>"; };
		D6548D0E20603D2800A1B47D /* FunctorKataTests.swift */ = {isa = PBXFileReference; lastKnownFileType = sourcecode.swift; path = FunctorKataTests.swift; sourceTree = "<group>"; };
		D6AB75B620618AAB00665748 /* MonoidKata.swift */ = {isa = PBXFileReference; lastKnownFileType = sourcecode.swift; path = MonoidKata.swift; sourceTree = "<group>"; };
		D6AB75B820618AB500665748 /* MonoidKataTests.swift */ = {isa = PBXFileReference; lastKnownFileType = sourcecode.swift; path = MonoidKataTests.swift; sourceTree = "<group>"; };
		D6AB75BC2061905700665748 /* MonadKata.swift */ = {isa = PBXFileReference; lastKnownFileType = sourcecode.swift; path = MonadKata.swift; sourceTree = "<group>"; };
		D6AB75BE2061906300665748 /* MonadKataTests.swift */ = {isa = PBXFileReference; lastKnownFileType = sourcecode.swift; path = MonadKataTests.swift; sourceTree = "<group>"; };
		D6AB75C12061939500665748 /* ApplicativeKata.swift */ = {isa = PBXFileReference; lastKnownFileType = sourcecode.swift; path = ApplicativeKata.swift; sourceTree = "<group>"; };
		D6AB75C32061939F00665748 /* ApplicativeKataTests.swift */ = {isa = PBXFileReference; lastKnownFileType = sourcecode.swift; path = ApplicativeKataTests.swift; sourceTree = "<group>"; };
		D6C2436C205E6CFB008AF35F /* AddingMultiplyingKata.swift */ = {isa = PBXFileReference; lastKnownFileType = sourcecode.swift; path = AddingMultiplyingKata.swift; sourceTree = "<group>"; };
		D6C2436E205E6D17008AF35F /* AddingMultipliyingKataTests.swift */ = {isa = PBXFileReference; lastKnownFileType = sourcecode.swift; path = AddingMultipliyingKataTests.swift; sourceTree = "<group>"; };
		D6C24373205E6DF2008AF35F /* FibonacciKata.swift */ = {isa = PBXFileReference; lastKnownFileType = sourcecode.swift; path = FibonacciKata.swift; sourceTree = "<group>"; };
		D6C24376205E6DFE008AF35F /* FibonacciKataTests.swift */ = {isa = PBXFileReference; lastKnownFileType = sourcecode.swift; path = FibonacciKataTests.swift; sourceTree = "<group>"; };
		D6C24391205E98AB008AF35F /* ReduceKata.swift */ = {isa = PBXFileReference; fileEncoding = 4; lastKnownFileType = sourcecode.swift; path = ReduceKata.swift; sourceTree = "<group>"; };
		D6C24392205E98AB008AF35F /* ReduceKataTests.swift */ = {isa = PBXFileReference; fileEncoding = 4; lastKnownFileType = sourcecode.swift; path = ReduceKataTests.swift; sourceTree = "<group>"; };
		D6C24399205EB882008AF35F /* CurryingKata.swift */ = {isa = PBXFileReference; lastKnownFileType = sourcecode.swift; path = CurryingKata.swift; sourceTree = "<group>"; };
		D6C2439C205EB88C008AF35F /* CurryingKataTests.swift */ = {isa = PBXFileReference; lastKnownFileType = sourcecode.swift; path = CurryingKataTests.swift; sourceTree = "<group>"; };
		D6C243A0205EC0AF008AF35F /* CPSKata.swift */ = {isa = PBXFileReference; fileEncoding = 4; lastKnownFileType = sourcecode.swift; path = CPSKata.swift; sourceTree = "<group>"; };
		D6C243A1205EC0AF008AF35F /* CPSKataTests.swift */ = {isa = PBXFileReference; fileEncoding = 4; lastKnownFileType = sourcecode.swift; path = CPSKataTests.swift; sourceTree = "<group>"; };
		D6C243A7205EC885008AF35F /* PartialKata.swift */ = {isa = PBXFileReference; fileEncoding = 4; lastKnownFileType = sourcecode.swift; path = PartialKata.swift; sourceTree = "<group>"; };
		D6C243A8205EC885008AF35F /* PartialKataTests.swift */ = {isa = PBXFileReference; fileEncoding = 4; lastKnownFileType = sourcecode.swift; path = PartialKataTests.swift; sourceTree = "<group>"; };
		OBJ_6 /* Package.swift */ = {isa = PBXFileReference; explicitFileType = sourcecode.swift; path = Package.swift; sourceTree = "<group>"; };
		"katas::katas::Product" /* katas.framework */ = {isa = PBXFileReference; explicitFileType = wrapper.framework; path = katas.framework; sourceTree = BUILT_PRODUCTS_DIR; };
		"katas::katasTests::Product" /* katasTests.xctest */ = {isa = PBXFileReference; lastKnownFileType = file; path = katasTests.xctest; sourceTree = BUILT_PRODUCTS_DIR; };
/* End PBXFileReference section */

/* Begin PBXFrameworksBuildPhase section */
		OBJ_28 /* Frameworks */ = {
			isa = PBXFrameworksBuildPhase;
			buildActionMask = 0;
			files = (
				OBJ_29 /* katas.framework in Frameworks */,
			);
			runOnlyForDeploymentPostprocessing = 0;
		};
		OBJ_37 /* Frameworks */ = {
			isa = PBXFrameworksBuildPhase;
			buildActionMask = 0;
			files = (
			);
			runOnlyForDeploymentPostprocessing = 0;
		};
/* End PBXFrameworksBuildPhase section */

/* Begin PBXGroup section */
		D61876BB205EEDEB00C09FD5 /* filtermap */ = {
			isa = PBXGroup;
			children = (
				D61876BC205EEDEB00C09FD5 /* FilterMapKata.swift */,
				D61876C0205EEE3000C09FD5 /* FilterMapKataTests.swift */,
			);
			path = filtermap;
			sourceTree = "<group>";
		};
		D61876C3205EEF9200C09FD5 /* flatMap */ = {
			isa = PBXGroup;
			children = (
				D61876C7205EEF9200C09FD5 /* simple */,
				D61876C4205EEF9200C09FD5 /* advanced */,
			);
			path = flatMap;
			sourceTree = "<group>";
		};
		D61876C4205EEF9200C09FD5 /* advanced */ = {
			isa = PBXGroup;
			children = (
				D61876C5205EEF9200C09FD5 /* FlatMapAdvancedKata.swift */,
				D61876D4205EF18200C09FD5 /* FlatMapAdvancedKataTests.swift */,
			);
			path = advanced;
			sourceTree = "<group>";
		};
		D61876C7205EEF9200C09FD5 /* simple */ = {
			isa = PBXGroup;
			children = (
				D61876C8205EEF9200C09FD5 /* FlatMapSimpleKata.swift */,
				D61876CE205EF02000C09FD5 /* FlatMapSimpleKataTests.swift */,
			);
			path = simple;
			sourceTree = "<group>";
		};
		D61876DA205FA13400C09FD5 /* reduce */ = {
			isa = PBXGroup;
			children = (
				D61876DC205FA13400C09FD5 /* ReduceFunctionKata.swift */,
				D61876DF205FA17F00C09FD5 /* ReduceFunctionKataTests.swift */,
			);
			path = reduce;
			sourceTree = "<group>";
		};
		D61876E2205FA2FB00C09FD5 /* mapreduce */ = {
			isa = PBXGroup;
			children = (
				D61876E3205FA2FB00C09FD5 /* MapReduceKata.swift */,
				D61876E7205FA32800C09FD5 /* MapReduceKataTests.swift */,
			);
			path = mapreduce;
			sourceTree = "<group>";
		};
		D61876EA205FA6F200C09FD5 /* zip */ = {
			isa = PBXGroup;
			children = (
				D61876EC205FA6F200C09FD5 /* ZipKata.swift */,
				D61876ED205FA70700C09FD5 /* ZipKataTests.swift */,
			);
			path = zip;
			sourceTree = "<group>";
		};
		D625D2DD205EE28100232EA8 /* functional */ = {
			isa = PBXGroup;
			children = (
				D6548D0920603D1200A1B47D /* abstractions */,
				D625D2DE205EE28100232EA8 /* transforms */,
			);
			path = functional;
			sourceTree = "<group>";
		};
		D625D2DE205EE28100232EA8 /* transforms */ = {
			isa = PBXGroup;
			children = (
				D61876D7205EF2E700C09FD5 /* Extensions.swift */,
				D61876EA205FA6F200C09FD5 /* zip */,
				D61876E2205FA2FB00C09FD5 /* mapreduce */,
				D61876DA205FA13400C09FD5 /* reduce */,
				D61876C3205EEF9200C09FD5 /* flatMap */,
				D61876BB205EEDEB00C09FD5 /* filtermap */,
				D625D2DF205EE28100232EA8 /* map */,
				D625D2E0205EE2E800232EA8 /* Models.swift */,
				D625D2E3205EE6A200232EA8 /* DataSource.swift */,
			);
			path = transforms;
			sourceTree = "<group>";
		};
		D625D2DF205EE28100232EA8 /* map */ = {
			isa = PBXGroup;
			children = (
				D61876B5205EEB0500C09FD5 /* MapKata.swift */,
				D61876B7205EEB3200C09FD5 /* MapKataTests.swift */,
			);
			path = map;
			sourceTree = "<group>";
		};
		D6548D0920603D1200A1B47D /* abstractions */ = {
			isa = PBXGroup;
			children = (
				D6AB75C02061933900665748 /* applicative */,
				D6AB75BB20618FAB00665748 /* monad */,
				D6AB75B520606E1200665748 /* monoid */,
				D6548D0A20603D1200A1B47D /* functor */,
			);
			path = abstractions;
			sourceTree = "<group>";
		};
		D6548D0A20603D1200A1B47D /* functor */ = {
			isa = PBXGroup;
			children = (
				D6548D0B20603D1F00A1B47D /* FunctorKata.swift */,
				D6548D0E20603D2800A1B47D /* FunctorKataTests.swift */,
			);
			path = functor;
			sourceTree = "<group>";
		};
		D6AB75B520606E1200665748 /* monoid */ = {
			isa = PBXGroup;
			children = (
				D6AB75B620618AAB00665748 /* MonoidKata.swift */,
				D6AB75B820618AB500665748 /* MonoidKataTests.swift */,
			);
			path = monoid;
			sourceTree = "<group>";
		};
		D6AB75BB20618FAB00665748 /* monad */ = {
			isa = PBXGroup;
			children = (
				D6AB75BC2061905700665748 /* MonadKata.swift */,
				D6AB75BE2061906300665748 /* MonadKataTests.swift */,
			);
			path = monad;
			sourceTree = "<group>";
		};
		D6AB75C02061933900665748 /* applicative */ = {
			isa = PBXGroup;
			children = (
				D6AB75C12061939500665748 /* ApplicativeKata.swift */,
				D6AB75C32061939F00665748 /* ApplicativeKataTests.swift */,
			);
			path = applicative;
			sourceTree = "<group>";
		};
		D6C2436A205E6CB9008AF35F /* recursion */ = {
			isa = PBXGroup;
			children = (
				D6C2438F205E98AB008AF35F /* reduce */,
				D6C24372205E6DCF008AF35F /* fibonacci */,
				D6C2436B205E6CE9008AF35F /* addingmultipliying */,
			);
			path = recursion;
			sourceTree = "<group>";
		};
		D6C2436B205E6CE9008AF35F /* addingmultipliying */ = {
			isa = PBXGroup;
			children = (
				D6C2436C205E6CFB008AF35F /* AddingMultiplyingKata.swift */,
				D6C2436E205E6D17008AF35F /* AddingMultipliyingKataTests.swift */,
			);
			path = addingmultipliying;
			sourceTree = "<group>";
		};
		D6C24372205E6DCF008AF35F /* fibonacci */ = {
			isa = PBXGroup;
			children = (
				D6C24373205E6DF2008AF35F /* FibonacciKata.swift */,
				D6C24376205E6DFE008AF35F /* FibonacciKataTests.swift */,
			);
			path = fibonacci;
			sourceTree = "<group>";
		};
		D6C2438F205E98AB008AF35F /* reduce */ = {
			isa = PBXGroup;
			children = (
				D6C24391205E98AB008AF35F /* ReduceKata.swift */,
				D6C24392205E98AB008AF35F /* ReduceKataTests.swift */,
			);
			path = reduce;
			sourceTree = "<group>";
		};
		D6C24397205EB7F7008AF35F /* functions */ = {
			isa = PBXGroup;
			children = (
				D6C243A6205EC885008AF35F /* partial */,
				D6C2439F205EC0AF008AF35F /* CPS */,
				D6C24398205EB7F7008AF35F /* currying */,
			);
			path = functions;
			sourceTree = "<group>";
		};
		D6C24398205EB7F7008AF35F /* currying */ = {
			isa = PBXGroup;
			children = (
				D6C24399205EB882008AF35F /* CurryingKata.swift */,
				D6C2439C205EB88C008AF35F /* CurryingKataTests.swift */,
			);
			path = currying;
			sourceTree = "<group>";
		};
		D6C2439F205EC0AF008AF35F /* CPS */ = {
			isa = PBXGroup;
			children = (
				D6C243A0205EC0AF008AF35F /* CPSKata.swift */,
				D6C243A1205EC0AF008AF35F /* CPSKataTests.swift */,
			);
			path = CPS;
			sourceTree = "<group>";
		};
		D6C243A6205EC885008AF35F /* partial */ = {
			isa = PBXGroup;
			children = (
				D6C243A7205EC885008AF35F /* PartialKata.swift */,
				D6C243A8205EC885008AF35F /* PartialKataTests.swift */,
			);
			path = partial;
			sourceTree = "<group>";
		};
		OBJ_13 /* Products */ = {
			isa = PBXGroup;
			children = (
				"katas::katasTests::Product" /* katasTests.xctest */,
				"katas::katas::Product" /* katas.framework */,
			);
			name = Products;
			sourceTree = BUILT_PRODUCTS_DIR;
		};
		OBJ_5 = {
			isa = PBXGroup;
			children = (
				OBJ_6 /* Package.swift */,
				OBJ_7 /* Sources */,
				OBJ_13 /* Products */,
			);
			sourceTree = "<group>";
		};
		OBJ_7 /* Sources */ = {
			isa = PBXGroup;
			children = (
				OBJ_8 /* katas */,
			);
			name = Sources;
			sourceTree = SOURCE_ROOT;
		};
		OBJ_8 /* katas */ = {
			isa = PBXGroup;
			children = (
				D625D2DD205EE28100232EA8 /* functional */,
				D6C24397205EB7F7008AF35F /* functions */,
				D6C2436A205E6CB9008AF35F /* recursion */,
			);
			name = katas;
			path = Sources/katas;
			sourceTree = SOURCE_ROOT;
		};
/* End PBXGroup section */

/* Begin PBXNativeTarget section */
		"katas::katas" /* katas */ = {
			isa = PBXNativeTarget;
			buildConfigurationList = OBJ_32 /* Build configuration list for PBXNativeTarget "katas" */;
			buildPhases = (
				OBJ_35 /* Sources */,
				OBJ_37 /* Frameworks */,
			);
			buildRules = (
			);
			dependencies = (
			);
			name = katas;
			productName = katas;
			productReference = "katas::katas::Product" /* katas.framework */;
			productType = "com.apple.product-type.framework";
		};
		"katas::katasTests" /* katasTests */ = {
			isa = PBXNativeTarget;
			buildConfigurationList = OBJ_23 /* Build configuration list for PBXNativeTarget "katasTests" */;
			buildPhases = (
				OBJ_26 /* Sources */,
				OBJ_28 /* Frameworks */,
			);
			buildRules = (
			);
			dependencies = (
				OBJ_30 /* PBXTargetDependency */,
			);
			name = katasTests;
			productName = katasTests;
			productReference = "katas::katasTests::Product" /* katasTests.xctest */;
			productType = "com.apple.product-type.bundle.unit-test";
		};
/* End PBXNativeTarget section */

/* Begin PBXProject section */
		OBJ_1 /* Project object */ = {
			isa = PBXProject;
			attributes = {
				LastUpgradeCheck = 9999;
			};
			buildConfigurationList = OBJ_2 /* Build configuration list for PBXProject "katas" */;
			compatibilityVersion = "Xcode 3.2";
			developmentRegion = English;
			hasScannedForEncodings = 0;
			knownRegions = (
				en,
			);
			mainGroup = OBJ_5;
			productRefGroup = OBJ_13 /* Products */;
			projectDirPath = "";
			projectRoot = "";
			targets = (
				"katas::katasTests" /* katasTests */,
				"katas::katas" /* katas */,
			);
		};
/* End PBXProject section */

/* Begin PBXSourcesBuildPhase section */
		OBJ_26 /* Sources */ = {
			isa = PBXSourcesBuildPhase;
			buildActionMask = 0;
			files = (
				D6548D0C20603D1F00A1B47D /* FunctorKata.swift in Sources */,
				D61876D8205EF2E700C09FD5 /* Extensions.swift in Sources */,
				D61876D5205EF18200C09FD5 /* FlatMapAdvancedKataTests.swift in Sources */,
				D6AB75C22061939500665748 /* ApplicativeKata.swift in Sources */,
				D625D2E6205EE78100232EA8 /* DataSource.swift in Sources */,
				D61876E5205FA30500C09FD5 /* MapReduceKata.swift in Sources */,
				D61876E8205FA32800C09FD5 /* MapReduceKataTests.swift in Sources */,
				D6C24371205E6D1B008AF35F /* AddingMultiplyingKata.swift in Sources */,
				D6548D0F20603D2800A1B47D /* FunctorKataTests.swift in Sources */,
				D61876BF205EEDF800C09FD5 /* FilterMapKata.swift in Sources */,
				D61876B6205EEB0500C09FD5 /* MapKata.swift in Sources */,
				D6AB75BF2061906300665748 /* MonadKataTests.swift in Sources */,
				D61876EE205FA70700C09FD5 /* ZipKataTests.swift in Sources */,
				D6C243A2205EC0AF008AF35F /* CPSKata.swift in Sources */,
				D6C2439D205EB88C008AF35F /* CurryingKataTests.swift in Sources */,
				D625D2E1205EE2E800232EA8 /* Models.swift in Sources */,
				D61876E0205FA17F00C09FD5 /* ReduceFunctionKataTests.swift in Sources */,
				D6C24377205E6DFE008AF35F /* FibonacciKataTests.swift in Sources */,
				D61876F0205FAA0000C09FD5 /* ZipKata.swift in Sources */,
				D61876CC205EEFB500C09FD5 /* FlatMapAdvancedKata.swift in Sources */,
				D6AB75B720618AAB00665748 /* MonoidKata.swift in Sources */,
				D6C24393205E98AB008AF35F /* ReduceKata.swift in Sources */,
				D6C24395205E98AB008AF35F /* ReduceKataTests.swift in Sources */,
				D6C243A9205EC885008AF35F /* PartialKata.swift in Sources */,
				D61876CF205EF02000C09FD5 /* FlatMapSimpleKataTests.swift in Sources */,
				D61876C1205EEE3000C09FD5 /* FilterMapKataTests.swift in Sources */,
				D6C24374205E6DF2008AF35F /* FibonacciKata.swift in Sources */,
				D61876CB205EEFB200C09FD5 /* FlatMapSimpleKata.swift in Sources */,
				D6C2439A205EB882008AF35F /* CurryingKata.swift in Sources */,
				D6C24370205E6D19008AF35F /* AddingMultipliyingKataTests.swift in Sources */,
				D6AB75C42061939F00665748 /* ApplicativeKataTests.swift in Sources */,
				D61876DE205FA17000C09FD5 /* ReduceFunctionKata.swift in Sources */,
				D6C243A4205EC0AF008AF35F /* CPSKataTests.swift in Sources */,
				D6AB75BD2061905700665748 /* MonadKata.swift in Sources */,
				D6C243AD205EC88A008AF35F /* PartialKataTests.swift in Sources */,
				D6AB75B920618AB500665748 /* MonoidKataTests.swift in Sources */,
				D61876BA205EEB6600C09FD5 /* MapKataTests.swift in Sources */,
			);
			runOnlyForDeploymentPostprocessing = 0;
		};
		OBJ_35 /* Sources */ = {
			isa = PBXSourcesBuildPhase;
			buildActionMask = 0;
			files = (
				D625D2E2205EE2E800232EA8 /* Models.swift in Sources */,
				D6AB75BA20618D3C00665748 /* MonoidKata.swift in Sources */,
				D6C24394205E98AB008AF35F /* ReduceKata.swift in Sources */,
				D6AB75C52061948800665748 /* ApplicativeKata.swift in Sources */,
				D6C243AA205EC885008AF35F /* PartialKata.swift in Sources */,
				D61876F1205FAA0100C09FD5 /* ZipKata.swift in Sources */,
				D61876CD205EEFB500C09FD5 /* FlatMapAdvancedKata.swift in Sources */,
				D6C2436D205E6CFB008AF35F /* AddingMultiplyingKata.swift in Sources */,
				D6C24375205E6DF2008AF35F /* FibonacciKata.swift in Sources */,
				D6C2439B205EB882008AF35F /* CurryingKata.swift in Sources */,
				D61876CA205EEFB200C09FD5 /* FlatMapSimpleKata.swift in Sources */,
				D61876DD205FA17000C09FD5 /* ReduceFunctionKata.swift in Sources */,
				D6AB75C62061949700665748 /* MonadKata.swift in Sources */,
				D61876E6205FA30500C09FD5 /* MapReduceKata.swift in Sources */,
				D61876D9205EF2E700C09FD5 /* Extensions.swift in Sources */,
				D625D2E5205EE6A200232EA8 /* DataSource.swift in Sources */,
				D61876BE205EEDF800C09FD5 /* FilterMapKata.swift in Sources */,
				D6548D0D20603D1F00A1B47D /* FunctorKata.swift in Sources */,
				D6C243A3205EC0AF008AF35F /* CPSKata.swift in Sources */,
			);
			runOnlyForDeploymentPostprocessing = 0;
		};
/* End PBXSourcesBuildPhase section */

/* Begin PBXTargetDependency section */
		OBJ_30 /* PBXTargetDependency */ = {
			isa = PBXTargetDependency;
			target = "katas::katas" /* katas */;
			targetProxy = D6C24368205E6A46008AF35F /* PBXContainerItemProxy */;
		};
/* End PBXTargetDependency section */

/* Begin XCBuildConfiguration section */
		OBJ_24 /* Debug */ = {
			isa = XCBuildConfiguration;
			buildSettings = {
				EMBEDDED_CONTENT_CONTAINS_SWIFT = YES;
				FRAMEWORK_SEARCH_PATHS = (
					"$(inherited)",
					"$(PLATFORM_DIR)/Developer/Library/Frameworks",
				);
				HEADER_SEARCH_PATHS = "$(inherited)";
				INFOPLIST_FILE = katas.xcodeproj/katasTests_Info.plist;
				LD_RUNPATH_SEARCH_PATHS = "@loader_path/../Frameworks @loader_path/Frameworks";
				OTHER_LDFLAGS = "$(inherited)";
				OTHER_SWIFT_FLAGS = "$(inherited)";
				SWIFT_VERSION = 4.0;
				TARGET_NAME = katasTests;
			};
			name = Debug;
		};
		OBJ_25 /* Release */ = {
			isa = XCBuildConfiguration;
			buildSettings = {
				EMBEDDED_CONTENT_CONTAINS_SWIFT = YES;
				FRAMEWORK_SEARCH_PATHS = (
					"$(inherited)",
					"$(PLATFORM_DIR)/Developer/Library/Frameworks",
				);
				HEADER_SEARCH_PATHS = "$(inherited)";
				INFOPLIST_FILE = katas.xcodeproj/katasTests_Info.plist;
				LD_RUNPATH_SEARCH_PATHS = "@loader_path/../Frameworks @loader_path/Frameworks";
				OTHER_LDFLAGS = "$(inherited)";
				OTHER_SWIFT_FLAGS = "$(inherited)";
				SWIFT_VERSION = 4.0;
				TARGET_NAME = katasTests;
			};
			name = Release;
		};
		OBJ_3 /* Debug */ = {
			isa = XCBuildConfiguration;
			buildSettings = {
				CLANG_ENABLE_OBJC_ARC = YES;
				COMBINE_HIDPI_IMAGES = YES;
				COPY_PHASE_STRIP = NO;
				DEBUG_INFORMATION_FORMAT = dwarf;
				DYLIB_INSTALL_NAME_BASE = "@rpath";
				ENABLE_NS_ASSERTIONS = YES;
				GCC_OPTIMIZATION_LEVEL = 0;
				MACOSX_DEPLOYMENT_TARGET = 10.10;
				ONLY_ACTIVE_ARCH = YES;
				OTHER_SWIFT_FLAGS = "-DXcode";
				PRODUCT_NAME = "$(TARGET_NAME)";
				SDKROOT = macosx;
				SUPPORTED_PLATFORMS = "macosx iphoneos iphonesimulator appletvos appletvsimulator watchos watchsimulator";
				SWIFT_ACTIVE_COMPILATION_CONDITIONS = SWIFT_PACKAGE;
				SWIFT_OPTIMIZATION_LEVEL = "-Onone";
				USE_HEADERMAP = NO;
			};
			name = Debug;
		};
		OBJ_33 /* Debug */ = {
			isa = XCBuildConfiguration;
			buildSettings = {
				ENABLE_TESTABILITY = YES;
				FRAMEWORK_SEARCH_PATHS = (
					"$(inherited)",
					"$(PLATFORM_DIR)/Developer/Library/Frameworks",
				);
				HEADER_SEARCH_PATHS = "$(inherited)";
				INFOPLIST_FILE = katas.xcodeproj/katas_Info.plist;
				LD_RUNPATH_SEARCH_PATHS = "$(TOOLCHAIN_DIR)/usr/lib/swift/macosx";
				OTHER_LDFLAGS = "$(inherited)";
				OTHER_SWIFT_FLAGS = "$(inherited)";
				PRODUCT_BUNDLE_IDENTIFIER = katas;
				PRODUCT_MODULE_NAME = "$(TARGET_NAME:c99extidentifier)";
				PRODUCT_NAME = "$(TARGET_NAME:c99extidentifier)";
				SKIP_INSTALL = YES;
				SWIFT_VERSION = 4.0;
				TARGET_NAME = katas;
			};
			name = Debug;
		};
		OBJ_34 /* Release */ = {
			isa = XCBuildConfiguration;
			buildSettings = {
				ENABLE_TESTABILITY = YES;
				FRAMEWORK_SEARCH_PATHS = (
					"$(inherited)",
					"$(PLATFORM_DIR)/Developer/Library/Frameworks",
				);
				HEADER_SEARCH_PATHS = "$(inherited)";
				INFOPLIST_FILE = katas.xcodeproj/katas_Info.plist;
				LD_RUNPATH_SEARCH_PATHS = "$(TOOLCHAIN_DIR)/usr/lib/swift/macosx";
				OTHER_LDFLAGS = "$(inherited)";
				OTHER_SWIFT_FLAGS = "$(inherited)";
				PRODUCT_BUNDLE_IDENTIFIER = katas;
				PRODUCT_MODULE_NAME = "$(TARGET_NAME:c99extidentifier)";
				PRODUCT_NAME = "$(TARGET_NAME:c99extidentifier)";
				SKIP_INSTALL = YES;
				SWIFT_VERSION = 4.0;
				TARGET_NAME = katas;
			};
			name = Release;
		};
		OBJ_4 /* Release */ = {
			isa = XCBuildConfiguration;
			buildSettings = {
				CLANG_ENABLE_OBJC_ARC = YES;
				COMBINE_HIDPI_IMAGES = YES;
				COPY_PHASE_STRIP = YES;
				DEBUG_INFORMATION_FORMAT = "dwarf-with-dsym";
				DYLIB_INSTALL_NAME_BASE = "@rpath";
				GCC_OPTIMIZATION_LEVEL = s;
				MACOSX_DEPLOYMENT_TARGET = 10.10;
				OTHER_SWIFT_FLAGS = "-DXcode";
				PRODUCT_NAME = "$(TARGET_NAME)";
				SDKROOT = macosx;
				SUPPORTED_PLATFORMS = "macosx iphoneos iphonesimulator appletvos appletvsimulator watchos watchsimulator";
				SWIFT_ACTIVE_COMPILATION_CONDITIONS = SWIFT_PACKAGE;
				SWIFT_OPTIMIZATION_LEVEL = "-Owholemodule";
				USE_HEADERMAP = NO;
			};
			name = Release;
		};
/* End XCBuildConfiguration section */

/* Begin XCConfigurationList section */
		OBJ_2 /* Build configuration list for PBXProject "katas" */ = {
			isa = XCConfigurationList;
			buildConfigurations = (
				OBJ_3 /* Debug */,
				OBJ_4 /* Release */,
			);
			defaultConfigurationIsVisible = 0;
			defaultConfigurationName = Debug;
		};
		OBJ_23 /* Build configuration list for PBXNativeTarget "katasTests" */ = {
			isa = XCConfigurationList;
			buildConfigurations = (
				OBJ_24 /* Debug */,
				OBJ_25 /* Release */,
			);
			defaultConfigurationIsVisible = 0;
			defaultConfigurationName = Debug;
		};
		OBJ_32 /* Build configuration list for PBXNativeTarget "katas" */ = {
			isa = XCConfigurationList;
			buildConfigurations = (
				OBJ_33 /* Debug */,
				OBJ_34 /* Release */,
			);
			defaultConfigurationIsVisible = 0;
			defaultConfigurationName = Debug;
		};
/* End XCConfigurationList section */
	};
	rootObject = OBJ_1 /* Project object */;
}
