// !$*UTF8*$!
{
	archiveVersion = 1;
	classes = {
	};
	objectVersion = 46;
	objects = {

/* Begin PBXBuildFile section */
		D6C2436D205E6CFB008AF35F /* AddingMultiplyingKata.swift in Sources */ = {isa = PBXBuildFile; fileRef = D6C2436C205E6CFB008AF35F /* AddingMultiplyingKata.swift */; };
		D6C24370205E6D19008AF35F /* AddingMultipliyingKataTests.swift in Sources */ = {isa = PBXBuildFile; fileRef = D6C2436E205E6D17008AF35F /* AddingMultipliyingKataTests.swift */; };
		D6C24371205E6D1B008AF35F /* AddingMultiplyingKata.swift in Sources */ = {isa = PBXBuildFile; fileRef = D6C2436C205E6CFB008AF35F /* AddingMultiplyingKata.swift */; };
		D6C24374205E6DF2008AF35F /* FibonacciKata.swift in Sources */ = {isa = PBXBuildFile; fileRef = D6C24373205E6DF2008AF35F /* FibonacciKata.swift */; };
		D6C24375205E6DF2008AF35F /* FibonacciKata.swift in Sources */ = {isa = PBXBuildFile; fileRef = D6C24373205E6DF2008AF35F /* FibonacciKata.swift */; };
		D6C24377205E6DFE008AF35F /* FibonacciKataTests.swift in Sources */ = {isa = PBXBuildFile; fileRef = D6C24376205E6DFE008AF35F /* FibonacciKataTests.swift */; };
		D6C24393205E98AB008AF35F /* ReduceKata.swift in Sources */ = {isa = PBXBuildFile; fileRef = D6C24391205E98AB008AF35F /* ReduceKata.swift */; };
		D6C24394205E98AB008AF35F /* ReduceKata.swift in Sources */ = {isa = PBXBuildFile; fileRef = D6C24391205E98AB008AF35F /* ReduceKata.swift */; };
		D6C24395205E98AB008AF35F /* ReduceKataTests.swift in Sources */ = {isa = PBXBuildFile; fileRef = D6C24392205E98AB008AF35F /* ReduceKataTests.swift */; };
		D6C24396205E98AB008AF35F /* ReduceKataTests.swift in Sources */ = {isa = PBXBuildFile; fileRef = D6C24392205E98AB008AF35F /* ReduceKataTests.swift */; };
		OBJ_29 /* katas.framework in Frameworks */ = {isa = PBXBuildFile; fileRef = "katas::katas::Product" /* katas.framework */; };
/* End PBXBuildFile section */

/* Begin PBXContainerItemProxy section */
		D6C24368205E6A46008AF35F /* PBXContainerItemProxy */ = {
			isa = PBXContainerItemProxy;
			containerPortal = OBJ_1 /* Project object */;
			proxyType = 1;
			remoteGlobalIDString = "katas::katas";
			remoteInfo = katas;
		};
/* End PBXContainerItemProxy section */

/* Begin PBXFileReference section */
		D6C2436C205E6CFB008AF35F /* AddingMultiplyingKata.swift */ = {isa = PBXFileReference; lastKnownFileType = sourcecode.swift; path = AddingMultiplyingKata.swift; sourceTree = "<group>"; };
		D6C2436E205E6D17008AF35F /* AddingMultipliyingKataTests.swift */ = {isa = PBXFileReference; lastKnownFileType = sourcecode.swift; path = AddingMultipliyingKataTests.swift; sourceTree = "<group>"; };
		D6C24373205E6DF2008AF35F /* FibonacciKata.swift */ = {isa = PBXFileReference; lastKnownFileType = sourcecode.swift; path = FibonacciKata.swift; sourceTree = "<group>"; };
		D6C24376205E6DFE008AF35F /* FibonacciKataTests.swift */ = {isa = PBXFileReference; lastKnownFileType = sourcecode.swift; path = FibonacciKataTests.swift; sourceTree = "<group>"; };
		D6C24391205E98AB008AF35F /* ReduceKata.swift */ = {isa = PBXFileReference; fileEncoding = 4; lastKnownFileType = sourcecode.swift; path = ReduceKata.swift; sourceTree = "<group>"; };
		D6C24392205E98AB008AF35F /* ReduceKataTests.swift */ = {isa = PBXFileReference; fileEncoding = 4; lastKnownFileType = sourcecode.swift; path = ReduceKataTests.swift; sourceTree = "<group>"; };
		OBJ_6 /* Package.swift */ = {isa = PBXFileReference; explicitFileType = sourcecode.swift; path = Package.swift; sourceTree = "<group>"; };
		"katas::katas::Product" /* katas.framework */ = {isa = PBXFileReference; explicitFileType = wrapper.framework; path = katas.framework; sourceTree = BUILT_PRODUCTS_DIR; };
		"katas::katasTests::Product" /* katasTests.xctest */ = {isa = PBXFileReference; lastKnownFileType = file; path = katasTests.xctest; sourceTree = BUILT_PRODUCTS_DIR; };
/* End PBXFileReference section */

/* Begin PBXFrameworksBuildPhase section */
		OBJ_28 /* Frameworks */ = {
			isa = PBXFrameworksBuildPhase;
			buildActionMask = 0;
			files = (
				OBJ_29 /* katas.framework in Frameworks */,
			);
			runOnlyForDeploymentPostprocessing = 0;
		};
		OBJ_37 /* Frameworks */ = {
			isa = PBXFrameworksBuildPhase;
			buildActionMask = 0;
			files = (
			);
			runOnlyForDeploymentPostprocessing = 0;
		};
/* End PBXFrameworksBuildPhase section */

/* Begin PBXGroup section */
		D6C2436A205E6CB9008AF35F /* recursion */ = {
			isa = PBXGroup;
			children = (
				D6C2438F205E98AB008AF35F /* reduce */,
				D6C24372205E6DCF008AF35F /* fibonacci */,
				D6C2436B205E6CE9008AF35F /* addingmultipliying */,
			);
			path = recursion;
			sourceTree = "<group>";
		};
		D6C2436B205E6CE9008AF35F /* addingmultipliying */ = {
			isa = PBXGroup;
			children = (
				D6C2436C205E6CFB008AF35F /* AddingMultiplyingKata.swift */,
				D6C2436E205E6D17008AF35F /* AddingMultipliyingKataTests.swift */,
			);
			path = addingmultipliying;
			sourceTree = "<group>";
		};
		D6C24372205E6DCF008AF35F /* fibonacci */ = {
			isa = PBXGroup;
			children = (
				D6C24373205E6DF2008AF35F /* FibonacciKata.swift */,
				D6C24376205E6DFE008AF35F /* FibonacciKataTests.swift */,
			);
			path = fibonacci;
			sourceTree = "<group>";
		};
		D6C2438F205E98AB008AF35F /* reduce */ = {
			isa = PBXGroup;
			children = (
				D6C24391205E98AB008AF35F /* ReduceKata.swift */,
				D6C24392205E98AB008AF35F /* ReduceKataTests.swift */,
			);
			path = reduce;
			sourceTree = "<group>";
		};
		OBJ_13 /* Products */ = {
			isa = PBXGroup;
			children = (
				"katas::katasTests::Product" /* katasTests.xctest */,
				"katas::katas::Product" /* katas.framework */,
			);
			name = Products;
			sourceTree = BUILT_PRODUCTS_DIR;
		};
		OBJ_5 = {
			isa = PBXGroup;
			children = (
				OBJ_6 /* Package.swift */,
				OBJ_7 /* Sources */,
				OBJ_13 /* Products */,
			);
			sourceTree = "<group>";
		};
		OBJ_7 /* Sources */ = {
			isa = PBXGroup;
			children = (
				OBJ_8 /* katas */,
			);
			name = Sources;
			sourceTree = SOURCE_ROOT;
		};
		OBJ_8 /* katas */ = {
			isa = PBXGroup;
			children = (
				D6C2436A205E6CB9008AF35F /* recursion */,
			);
			name = katas;
			path = Sources/katas;
			sourceTree = SOURCE_ROOT;
		};
/* End PBXGroup section */

/* Begin PBXNativeTarget section */
		"katas::katas" /* katas */ = {
			isa = PBXNativeTarget;
			buildConfigurationList = OBJ_32 /* Build configuration list for PBXNativeTarget "katas" */;
			buildPhases = (
				OBJ_35 /* Sources */,
				OBJ_37 /* Frameworks */,
			);
			buildRules = (
			);
			dependencies = (
			);
			name = katas;
			productName = katas;
			productReference = "katas::katas::Product" /* katas.framework */;
			productType = "com.apple.product-type.framework";
		};
		"katas::katasTests" /* katasTests */ = {
			isa = PBXNativeTarget;
			buildConfigurationList = OBJ_23 /* Build configuration list for PBXNativeTarget "katasTests" */;
			buildPhases = (
				OBJ_26 /* Sources */,
				OBJ_28 /* Frameworks */,
			);
			buildRules = (
			);
			dependencies = (
				OBJ_30 /* PBXTargetDependency */,
			);
			name = katasTests;
			productName = katasTests;
			productReference = "katas::katasTests::Product" /* katasTests.xctest */;
			productType = "com.apple.product-type.bundle.unit-test";
		};
/* End PBXNativeTarget section */

/* Begin PBXProject section */
		OBJ_1 /* Project object */ = {
			isa = PBXProject;
			attributes = {
				LastUpgradeCheck = 9999;
			};
			buildConfigurationList = OBJ_2 /* Build configuration list for PBXProject "katas" */;
			compatibilityVersion = "Xcode 3.2";
			developmentRegion = English;
			hasScannedForEncodings = 0;
			knownRegions = (
				en,
			);
			mainGroup = OBJ_5;
			productRefGroup = OBJ_13 /* Products */;
			projectDirPath = "";
			projectRoot = "";
			targets = (
				"katas::katasTests" /* katasTests */,
				"katas::katas" /* katas */,
			);
		};
/* End PBXProject section */

/* Begin PBXSourcesBuildPhase section */
		OBJ_26 /* Sources */ = {
			isa = PBXSourcesBuildPhase;
			buildActionMask = 0;
			files = (
				D6C24371205E6D1B008AF35F /* AddingMultiplyingKata.swift in Sources */,
				D6C24377205E6DFE008AF35F /* FibonacciKataTests.swift in Sources */,
				D6C24393205E98AB008AF35F /* ReduceKata.swift in Sources */,
				D6C24395205E98AB008AF35F /* ReduceKataTests.swift in Sources */,
				D6C24374205E6DF2008AF35F /* FibonacciKata.swift in Sources */,
				D6C24370205E6D19008AF35F /* AddingMultipliyingKataTests.swift in Sources */,
			);
			runOnlyForDeploymentPostprocessing = 0;
		};
		OBJ_35 /* Sources */ = {
			isa = PBXSourcesBuildPhase;
			buildActionMask = 0;
			files = (
				D6C24394205E98AB008AF35F /* ReduceKata.swift in Sources */,
				D6C2436D205E6CFB008AF35F /* AddingMultiplyingKata.swift in Sources */,
				D6C24375205E6DF2008AF35F /* FibonacciKata.swift in Sources */,
				D6C24396205E98AB008AF35F /* ReduceKataTests.swift in Sources */,
			);
			runOnlyForDeploymentPostprocessing = 0;
		};
/* End PBXSourcesBuildPhase section */

/* Begin PBXTargetDependency section */
		OBJ_30 /* PBXTargetDependency */ = {
			isa = PBXTargetDependency;
			target = "katas::katas" /* katas */;
			targetProxy = D6C24368205E6A46008AF35F /* PBXContainerItemProxy */;
		};
/* End PBXTargetDependency section */

/* Begin XCBuildConfiguration section */
		OBJ_24 /* Debug */ = {
			isa = XCBuildConfiguration;
			buildSettings = {
				EMBEDDED_CONTENT_CONTAINS_SWIFT = YES;
				FRAMEWORK_SEARCH_PATHS = (
					"$(inherited)",
					"$(PLATFORM_DIR)/Developer/Library/Frameworks",
				);
				HEADER_SEARCH_PATHS = "$(inherited)";
				INFOPLIST_FILE = katas.xcodeproj/katasTests_Info.plist;
				LD_RUNPATH_SEARCH_PATHS = "@loader_path/../Frameworks @loader_path/Frameworks";
				OTHER_LDFLAGS = "$(inherited)";
				OTHER_SWIFT_FLAGS = "$(inherited)";
				SWIFT_VERSION = 4.0;
				TARGET_NAME = katasTests;
			};
			name = Debug;
		};
		OBJ_25 /* Release */ = {
			isa = XCBuildConfiguration;
			buildSettings = {
				EMBEDDED_CONTENT_CONTAINS_SWIFT = YES;
				FRAMEWORK_SEARCH_PATHS = (
					"$(inherited)",
					"$(PLATFORM_DIR)/Developer/Library/Frameworks",
				);
				HEADER_SEARCH_PATHS = "$(inherited)";
				INFOPLIST_FILE = katas.xcodeproj/katasTests_Info.plist;
				LD_RUNPATH_SEARCH_PATHS = "@loader_path/../Frameworks @loader_path/Frameworks";
				OTHER_LDFLAGS = "$(inherited)";
				OTHER_SWIFT_FLAGS = "$(inherited)";
				SWIFT_VERSION = 4.0;
				TARGET_NAME = katasTests;
			};
			name = Release;
		};
		OBJ_3 /* Debug */ = {
			isa = XCBuildConfiguration;
			buildSettings = {
				CLANG_ENABLE_OBJC_ARC = YES;
				COMBINE_HIDPI_IMAGES = YES;
				COPY_PHASE_STRIP = NO;
				DEBUG_INFORMATION_FORMAT = dwarf;
				DYLIB_INSTALL_NAME_BASE = "@rpath";
				ENABLE_NS_ASSERTIONS = YES;
				GCC_OPTIMIZATION_LEVEL = 0;
				MACOSX_DEPLOYMENT_TARGET = 10.10;
				ONLY_ACTIVE_ARCH = YES;
				OTHER_SWIFT_FLAGS = "-DXcode";
				PRODUCT_NAME = "$(TARGET_NAME)";
				SDKROOT = macosx;
				SUPPORTED_PLATFORMS = "macosx iphoneos iphonesimulator appletvos appletvsimulator watchos watchsimulator";
				SWIFT_ACTIVE_COMPILATION_CONDITIONS = SWIFT_PACKAGE;
				SWIFT_OPTIMIZATION_LEVEL = "-Onone";
				USE_HEADERMAP = NO;
			};
			name = Debug;
		};
		OBJ_33 /* Debug */ = {
			isa = XCBuildConfiguration;
			buildSettings = {
				ENABLE_TESTABILITY = YES;
				FRAMEWORK_SEARCH_PATHS = (
					"$(inherited)",
					"$(PLATFORM_DIR)/Developer/Library/Frameworks",
				);
				HEADER_SEARCH_PATHS = "$(inherited)";
				INFOPLIST_FILE = katas.xcodeproj/katas_Info.plist;
				LD_RUNPATH_SEARCH_PATHS = "$(TOOLCHAIN_DIR)/usr/lib/swift/macosx";
				OTHER_LDFLAGS = "$(inherited)";
				OTHER_SWIFT_FLAGS = "$(inherited)";
				PRODUCT_BUNDLE_IDENTIFIER = katas;
				PRODUCT_MODULE_NAME = "$(TARGET_NAME:c99extidentifier)";
				PRODUCT_NAME = "$(TARGET_NAME:c99extidentifier)";
				SKIP_INSTALL = YES;
				SWIFT_VERSION = 4.0;
				TARGET_NAME = katas;
			};
			name = Debug;
		};
		OBJ_34 /* Release */ = {
			isa = XCBuildConfiguration;
			buildSettings = {
				ENABLE_TESTABILITY = YES;
				FRAMEWORK_SEARCH_PATHS = (
					"$(inherited)",
					"$(PLATFORM_DIR)/Developer/Library/Frameworks",
				);
				HEADER_SEARCH_PATHS = "$(inherited)";
				INFOPLIST_FILE = katas.xcodeproj/katas_Info.plist;
				LD_RUNPATH_SEARCH_PATHS = "$(TOOLCHAIN_DIR)/usr/lib/swift/macosx";
				OTHER_LDFLAGS = "$(inherited)";
				OTHER_SWIFT_FLAGS = "$(inherited)";
				PRODUCT_BUNDLE_IDENTIFIER = katas;
				PRODUCT_MODULE_NAME = "$(TARGET_NAME:c99extidentifier)";
				PRODUCT_NAME = "$(TARGET_NAME:c99extidentifier)";
				SKIP_INSTALL = YES;
				SWIFT_VERSION = 4.0;
				TARGET_NAME = katas;
			};
			name = Release;
		};
		OBJ_4 /* Release */ = {
			isa = XCBuildConfiguration;
			buildSettings = {
				CLANG_ENABLE_OBJC_ARC = YES;
				COMBINE_HIDPI_IMAGES = YES;
				COPY_PHASE_STRIP = YES;
				DEBUG_INFORMATION_FORMAT = "dwarf-with-dsym";
				DYLIB_INSTALL_NAME_BASE = "@rpath";
				GCC_OPTIMIZATION_LEVEL = s;
				MACOSX_DEPLOYMENT_TARGET = 10.10;
				OTHER_SWIFT_FLAGS = "-DXcode";
				PRODUCT_NAME = "$(TARGET_NAME)";
				SDKROOT = macosx;
				SUPPORTED_PLATFORMS = "macosx iphoneos iphonesimulator appletvos appletvsimulator watchos watchsimulator";
				SWIFT_ACTIVE_COMPILATION_CONDITIONS = SWIFT_PACKAGE;
				SWIFT_OPTIMIZATION_LEVEL = "-Owholemodule";
				USE_HEADERMAP = NO;
			};
			name = Release;
		};
/* End XCBuildConfiguration section */

/* Begin XCConfigurationList section */
		OBJ_2 /* Build configuration list for PBXProject "katas" */ = {
			isa = XCConfigurationList;
			buildConfigurations = (
				OBJ_3 /* Debug */,
				OBJ_4 /* Release */,
			);
			defaultConfigurationIsVisible = 0;
			defaultConfigurationName = Debug;
		};
		OBJ_23 /* Build configuration list for PBXNativeTarget "katasTests" */ = {
			isa = XCConfigurationList;
			buildConfigurations = (
				OBJ_24 /* Debug */,
				OBJ_25 /* Release */,
			);
			defaultConfigurationIsVisible = 0;
			defaultConfigurationName = Debug;
		};
		OBJ_32 /* Build configuration list for PBXNativeTarget "katas" */ = {
			isa = XCConfigurationList;
			buildConfigurations = (
				OBJ_33 /* Debug */,
				OBJ_34 /* Release */,
			);
			defaultConfigurationIsVisible = 0;
			defaultConfigurationName = Debug;
		};
/* End XCConfigurationList section */
	};
	rootObject = OBJ_1 /* Project object */;
}
